
Microsoft Visual Studio Solution File, Format Version 12.00
# Visual Studio Version 17
VisualStudioVersion = 17.3.32929.385
MinimumVisualStudioVersion = 10.0.40219.1
Project("{9A19103F-16F7-4668-BE54-9A1E7A4F7556}") = "Web", "Web\Web.csproj", "{2CD01FA8-EC2B-453C-8F0E-B0BC79C5BB07}"
EndProject
Project("{9A19103F-16F7-4668-BE54-9A1E7A4F7556}") = "Common", "Common\Common.csproj", "{B9678A06-332C-4B77-9DAA-FB503905BF85}"
EndProject
Project("{FAE04EC0-301F-11D3-BF4B-00C04F79EFBC}") = "MAUI", "MAUI\MAUI.csproj", "{732645E2-8464-4A25-AFE3-E3BBB2F3AEA7}"
EndProject
Global
	GlobalSection(SolutionConfigurationPlatforms) = preSolution
		Debug|Any CPU = Debug|Any CPU
		Release|Any CPU = Release|Any CPU
	EndGlobalSection
	GlobalSection(ProjectConfigurationPlatforms) = postSolution
		{2CD01FA8-EC2B-453C-8F0E-B0BC79C5BB07}.Debug|Any CPU.ActiveCfg = Debug|Any CPU
		{2CD01FA8-EC2B-453C-8F0E-B0BC79C5BB07}.Debug|Any CPU.Build.0 = Debug|Any CPU
		{2CD01FA8-EC2B-453C-8F0E-B0BC79C5BB07}.Release|Any CPU.ActiveCfg = Release|Any CPU
		{2CD01FA8-EC2B-453C-8F0E-B0BC79C5BB07}.Release|Any CPU.Build.0 = Release|Any CPU
		{B9678A06-332C-4B77-9DAA-FB503905BF85}.Debug|Any CPU.ActiveCfg = Debug|Any CPU
		{B9678A06-332C-4B77-9DAA-FB503905BF85}.Debug|Any CPU.Build.0 = Debug|Any CPU
		{B9678A06-332C-4B77-9DAA-FB503905BF85}.Release|Any CPU.ActiveCfg = Release|Any CPU
		{B9678A06-332C-4B77-9DAA-FB503905BF85}.Release|Any CPU.Build.0 = Release|Any CPU
		{732645E2-8464-4A25-AFE3-E3BBB2F3AEA7}.Debug|Any CPU.ActiveCfg = Debug|Any CPU
		{732645E2-8464-4A25-AFE3-E3BBB2F3AEA7}.Debug|Any CPU.Build.0 = Debug|Any CPU
		{732645E2-8464-4A25-AFE3-E3BBB2F3AEA7}.Debug|Any CPU.Deploy.0 = Debug|Any CPU
		{732645E2-8464-4A25-AFE3-E3BBB2F3AEA7}.Release|Any CPU.ActiveCfg = Release|Any CPU
		{732645E2-8464-4A25-AFE3-E3BBB2F3AEA7}.Release|Any CPU.Build.0 = Release|Any CPU
		{732645E2-8464-4A25-AFE3-E3BBB2F3AEA7}.Release|Any CPU.Deploy.0 = Release|Any CPU
	EndGlobalSection
	GlobalSection(SolutionProperties) = preSolution
		HideSolutionNode = FALSE
	EndGlobalSection
	GlobalSection(ExtensibilityGlobals) = postSolution
		SolutionGuid = {E2F7BC06-E229-4358-B52E-F78A63FB5EE7}
	EndGlobalSection
EndGlobal
